
Microsoft Visual Studio Solution File, Format Version 12.00
# Visual Studio Version 17
VisualStudioVersion = 17.3.32825.248
MinimumVisualStudioVersion = 10.0.40219.1
Project("{2150E333-8FDC-42A3-9474-1A3956D46DE8}") = "src", "src", "{038EEB79-A1C9-425C-A213-D0B83687E2FC}"
EndProject
Project("{2150E333-8FDC-42A3-9474-1A3956D46DE8}") = "corePackages", "corePackages", "{EB92D185-900D-4CD5-BC8E-C63CEE4B0D57}"
EndProject
Project("{9A19103F-16F7-4668-BE54-9A1E7A4F7556}") = "Core.Application", "Core.Application\Core.Application.csproj", "{2833E02B-095D-4489-96CF-93D8CED336B9}"
EndProject
Project("{9A19103F-16F7-4668-BE54-9A1E7A4F7556}") = "Core.CrossCuttingConcerns", "Core.CrossCuttingConcerns\Core.CrossCuttingConcerns.csproj", "{C1C45D17-D910-49FA-91D4-92A25656AC82}"
EndProject
Project("{9A19103F-16F7-4668-BE54-9A1E7A4F7556}") = "Core.ElasticSearch", "Core.ElasticSearch\Core.ElasticSearch.csproj", "{1A9CC2F6-31D6-43CB-8495-0FF523E33720}"
EndProject
Project("{9A19103F-16F7-4668-BE54-9A1E7A4F7556}") = "Core.Mailing", "Core.Mailing\Core.Mailing.csproj", "{0889E453-4279-472C-8B59-90FF20DB5C5E}"
EndProject
Project("{9A19103F-16F7-4668-BE54-9A1E7A4F7556}") = "Core.Persistence", "Core.Persistence\Core.Persistence.csproj", "{F005AEFF-D1B6-4F20-AFD3-42833243AC84}"
EndProject
Project("{9A19103F-16F7-4668-BE54-9A1E7A4F7556}") = "Core.Security", "Core.Security\Core.Security.csproj", "{9B20026B-D887-4A64-BFDC-3F7AB1C51055}"
EndProject
Project("{2150E333-8FDC-42A3-9474-1A3956D46DE8}") = "demoProjects", "demoProjects", "{52DE5ADF-8A0E-4015-B86C-7CA4F108ADA3}"
EndProject
Project("{2150E333-8FDC-42A3-9474-1A3956D46DE8}") = "devs", "devs", "{19D8A2ED-794F-4DAB-A4D2-C59F33482384}"
EndProject
Project("{FAE04EC0-301F-11D3-BF4B-00C04F79EFBC}") = "Application", "Application\Application.csproj", "{E2CACE22-9762-415B-A728-A2B73BF6B90F}"
EndProject
Project("{FAE04EC0-301F-11D3-BF4B-00C04F79EFBC}") = "Domain", "Domain\Domain.csproj", "{DE34498F-059B-41B1-BA07-D273FE81A2DB}"
EndProject
Project("{FAE04EC0-301F-11D3-BF4B-00C04F79EFBC}") = "Infrastructure", "Infrastructure\Infrastructure.csproj", "{2F79CB18-9B83-4B24-80D6-07FFB7F59D4B}"
EndProject
Project("{FAE04EC0-301F-11D3-BF4B-00C04F79EFBC}") = "Persistence", "Persistence\Persistence.csproj", "{DA884CB8-EB48-4317-BE32-DA4CC1091574}"
EndProject
Project("{FAE04EC0-301F-11D3-BF4B-00C04F79EFBC}") = "WebAPI", "WebAPI\WebAPI.csproj", "{104D4DBF-2E83-4200-A0EC-A742966B7977}"
EndProject
Global
	GlobalSection(SolutionConfigurationPlatforms) = preSolution
		Debug|Any CPU = Debug|Any CPU
		Release|Any CPU = Release|Any CPU
	EndGlobalSection
	GlobalSection(ProjectConfigurationPlatforms) = postSolution
		{2833E02B-095D-4489-96CF-93D8CED336B9}.Debug|Any CPU.ActiveCfg = Debug|Any CPU
		{2833E02B-095D-4489-96CF-93D8CED336B9}.Debug|Any CPU.Build.0 = Debug|Any CPU
		{2833E02B-095D-4489-96CF-93D8CED336B9}.Release|Any CPU.ActiveCfg = Release|Any CPU
		{2833E02B-095D-4489-96CF-93D8CED336B9}.Release|Any CPU.Build.0 = Release|Any CPU
		{C1C45D17-D910-49FA-91D4-92A25656AC82}.Debug|Any CPU.ActiveCfg = Debug|Any CPU
		{C1C45D17-D910-49FA-91D4-92A25656AC82}.Debug|Any CPU.Build.0 = Debug|Any CPU
		{C1C45D17-D910-49FA-91D4-92A25656AC82}.Release|Any CPU.ActiveCfg = Release|Any CPU
		{C1C45D17-D910-49FA-91D4-92A25656AC82}.Release|Any CPU.Build.0 = Release|Any CPU
		{1A9CC2F6-31D6-43CB-8495-0FF523E33720}.Debug|Any CPU.ActiveCfg = Debug|Any CPU
		{1A9CC2F6-31D6-43CB-8495-0FF523E33720}.Debug|Any CPU.Build.0 = Debug|Any CPU
		{1A9CC2F6-31D6-43CB-8495-0FF523E33720}.Release|Any CPU.ActiveCfg = Release|Any CPU
		{1A9CC2F6-31D6-43CB-8495-0FF523E33720}.Release|Any CPU.Build.0 = Release|Any CPU
		{0889E453-4279-472C-8B59-90FF20DB5C5E}.Debug|Any CPU.ActiveCfg = Debug|Any CPU
		{0889E453-4279-472C-8B59-90FF20DB5C5E}.Debug|Any CPU.Build.0 = Debug|Any CPU
		{0889E453-4279-472C-8B59-90FF20DB5C5E}.Release|Any CPU.ActiveCfg = Release|Any CPU
		{0889E453-4279-472C-8B59-90FF20DB5C5E}.Release|Any CPU.Build.0 = Release|Any CPU
		{F005AEFF-D1B6-4F20-AFD3-42833243AC84}.Debug|Any CPU.ActiveCfg = Debug|Any CPU
		{F005AEFF-D1B6-4F20-AFD3-42833243AC84}.Debug|Any CPU.Build.0 = Debug|Any CPU
		{F005AEFF-D1B6-4F20-AFD3-42833243AC84}.Release|Any CPU.ActiveCfg = Release|Any CPU
		{F005AEFF-D1B6-4F20-AFD3-42833243AC84}.Release|Any CPU.Build.0 = Release|Any CPU
		{9B20026B-D887-4A64-BFDC-3F7AB1C51055}.Debug|Any CPU.ActiveCfg = Debug|Any CPU
		{9B20026B-D887-4A64-BFDC-3F7AB1C51055}.Debug|Any CPU.Build.0 = Debug|Any CPU
		{9B20026B-D887-4A64-BFDC-3F7AB1C51055}.Release|Any CPU.ActiveCfg = Release|Any CPU
		{9B20026B-D887-4A64-BFDC-3F7AB1C51055}.Release|Any CPU.Build.0 = Release|Any CPU
		{E2CACE22-9762-415B-A728-A2B73BF6B90F}.Debug|Any CPU.ActiveCfg = Debug|Any CPU
		{E2CACE22-9762-415B-A728-A2B73BF6B90F}.Debug|Any CPU.Build.0 = Debug|Any CPU
		{E2CACE22-9762-415B-A728-A2B73BF6B90F}.Release|Any CPU.ActiveCfg = Release|Any CPU
		{E2CACE22-9762-415B-A728-A2B73BF6B90F}.Release|Any CPU.Build.0 = Release|Any CPU
		{DE34498F-059B-41B1-BA07-D273FE81A2DB}.Debug|Any CPU.ActiveCfg = Debug|Any CPU
		{DE34498F-059B-41B1-BA07-D273FE81A2DB}.Debug|Any CPU.Build.0 = Debug|Any CPU
		{DE34498F-059B-41B1-BA07-D273FE81A2DB}.Release|Any CPU.ActiveCfg = Release|Any CPU
		{DE34498F-059B-41B1-BA07-D273FE81A2DB}.Release|Any CPU.Build.0 = Release|Any CPU
		{2F79CB18-9B83-4B24-80D6-07FFB7F59D4B}.Debug|Any CPU.ActiveCfg = Debug|Any CPU
		{2F79CB18-9B83-4B24-80D6-07FFB7F59D4B}.Debug|Any CPU.Build.0 = Debug|Any CPU
		{2F79CB18-9B83-4B24-80D6-07FFB7F59D4B}.Release|Any CPU.ActiveCfg = Release|Any CPU
		{2F79CB18-9B83-4B24-80D6-07FFB7F59D4B}.Release|Any CPU.Build.0 = Release|Any CPU
		{DA884CB8-EB48-4317-BE32-DA4CC1091574}.Debug|Any CPU.ActiveCfg = Debug|Any CPU
		{DA884CB8-EB48-4317-BE32-DA4CC1091574}.Debug|Any CPU.Build.0 = Debug|Any CPU
		{DA884CB8-EB48-4317-BE32-DA4CC1091574}.Release|Any CPU.ActiveCfg = Release|Any CPU
		{DA884CB8-EB48-4317-BE32-DA4CC1091574}.Release|Any CPU.Build.0 = Release|Any CPU
		{104D4DBF-2E83-4200-A0EC-A742966B7977}.Debug|Any CPU.ActiveCfg = Debug|Any CPU
		{104D4DBF-2E83-4200-A0EC-A742966B7977}.Debug|Any CPU.Build.0 = Debug|Any CPU
		{104D4DBF-2E83-4200-A0EC-A742966B7977}.Release|Any CPU.ActiveCfg = Release|Any CPU
		{104D4DBF-2E83-4200-A0EC-A742966B7977}.Release|Any CPU.Build.0 = Release|Any CPU
	EndGlobalSection
	GlobalSection(SolutionProperties) = preSolution
		HideSolutionNode = FALSE
	EndGlobalSection
	GlobalSection(NestedProjects) = preSolution
		{EB92D185-900D-4CD5-BC8E-C63CEE4B0D57} = {038EEB79-A1C9-425C-A213-D0B83687E2FC}
		{2833E02B-095D-4489-96CF-93D8CED336B9} = {EB92D185-900D-4CD5-BC8E-C63CEE4B0D57}
		{C1C45D17-D910-49FA-91D4-92A25656AC82} = {EB92D185-900D-4CD5-BC8E-C63CEE4B0D57}
		{1A9CC2F6-31D6-43CB-8495-0FF523E33720} = {EB92D185-900D-4CD5-BC8E-C63CEE4B0D57}
		{0889E453-4279-472C-8B59-90FF20DB5C5E} = {EB92D185-900D-4CD5-BC8E-C63CEE4B0D57}
		{F005AEFF-D1B6-4F20-AFD3-42833243AC84} = {EB92D185-900D-4CD5-BC8E-C63CEE4B0D57}
		{9B20026B-D887-4A64-BFDC-3F7AB1C51055} = {EB92D185-900D-4CD5-BC8E-C63CEE4B0D57}
		{52DE5ADF-8A0E-4015-B86C-7CA4F108ADA3} = {038EEB79-A1C9-425C-A213-D0B83687E2FC}
		{19D8A2ED-794F-4DAB-A4D2-C59F33482384} = {52DE5ADF-8A0E-4015-B86C-7CA4F108ADA3}
		{E2CACE22-9762-415B-A728-A2B73BF6B90F} = {19D8A2ED-794F-4DAB-A4D2-C59F33482384}
		{DE34498F-059B-41B1-BA07-D273FE81A2DB} = {19D8A2ED-794F-4DAB-A4D2-C59F33482384}
		{2F79CB18-9B83-4B24-80D6-07FFB7F59D4B} = {19D8A2ED-794F-4DAB-A4D2-C59F33482384}
		{DA884CB8-EB48-4317-BE32-DA4CC1091574} = {19D8A2ED-794F-4DAB-A4D2-C59F33482384}
		{104D4DBF-2E83-4200-A0EC-A742966B7977} = {19D8A2ED-794F-4DAB-A4D2-C59F33482384}
	EndGlobalSection
	GlobalSection(ExtensibilityGlobals) = postSolution
		SolutionGuid = {6B6DAF08-431D-4943-9F8E-5A172634E05C}
	EndGlobalSection
EndGlobal
